
Microsoft Visual Studio Solution File, Format Version 12.00
# Visual Studio Version 16
VisualStudioVersion = 16.0.30128.74
MinimumVisualStudioVersion = 10.0.40219.1
Project("{FAE04EC0-301F-11D3-BF4B-00C04F79EFBC}") = "WebApplication3", "WebApplication3\WebApplication3.csproj", "{3B2B878C-F8ED-4542-B4DC-8A7D48C33486}"
EndProject
Global
	GlobalSection(SolutionConfigurationPlatforms) = preSolution
		Debug|Any CPU = Debug|Any CPU
		Release|Any CPU = Release|Any CPU
	EndGlobalSection
	GlobalSection(ProjectConfigurationPlatforms) = postSolution
		{3B2B878C-F8ED-4542-B4DC-8A7D48C33486}.Debug|Any CPU.ActiveCfg = Debug|Any CPU
		{3B2B878C-F8ED-4542-B4DC-8A7D48C33486}.Debug|Any CPU.Build.0 = Debug|Any CPU
		{3B2B878C-F8ED-4542-B4DC-8A7D48C33486}.Release|Any CPU.ActiveCfg = Release|Any CPU
		{3B2B878C-F8ED-4542-B4DC-8A7D48C33486}.Release|Any CPU.Build.0 = Release|Any CPU
	EndGlobalSection
	GlobalSection(SolutionProperties) = preSolution
		HideSolutionNode = FALSE
	EndGlobalSection
	GlobalSection(ExtensibilityGlobals) = postSolution
		SolutionGuid = {3B43C06B-9599-45D6-B329-3E5A6E3CB64D}
	EndGlobalSection
EndGlobal
